// !$*UTF8*$!
{
	archiveVersion = 1;
	classes = {
	};
	objectVersion = 50;
	objects = {

/* Begin PBXBuildFile section */
		B4F909A12351A4F10033C10D /* AppDelegate.swift in Sources */ = {isa = PBXBuildFile; fileRef = B4F909A02351A4F10033C10D /* AppDelegate.swift */; };
		B4F909A32351A4F10033C10D /* LoginViewController.swift in Sources */ = {isa = PBXBuildFile; fileRef = B4F909A22351A4F10033C10D /* LoginViewController.swift */; };
		B4F909A82351A4F30033C10D /* Assets.xcassets in Resources */ = {isa = PBXBuildFile; fileRef = B4F909A72351A4F30033C10D /* Assets.xcassets */; };
		B4F909AB2351A4F30033C10D /* LaunchScreen.storyboard in Resources */ = {isa = PBXBuildFile; fileRef = B4F909A92351A4F30033C10D /* LaunchScreen.storyboard */; };
		B4F909B62351A6010033C10D /* LoginResponseModel.swift in Sources */ = {isa = PBXBuildFile; fileRef = B4F909B52351A6010033C10D /* LoginResponseModel.swift */; };
		B4F909BB2351A63A0033C10D /* HomeViewController.swift in Sources */ = {isa = PBXBuildFile; fileRef = B4F909BA2351A63A0033C10D /* HomeViewController.swift */; };
		B4F909BF2351A73C0033C10D /* Main.storyboard in Resources */ = {isa = PBXBuildFile; fileRef = B4F909BD2351A73C0033C10D /* Main.storyboard */; };
		B4F909C22351AEC00033C10D /* LoginRouter.swift in Sources */ = {isa = PBXBuildFile; fileRef = B4F909C12351AEC00033C10D /* LoginRouter.swift */; };
		B4F909C42351AEF00033C10D /* APIService.swift in Sources */ = {isa = PBXBuildFile; fileRef = B4F909C32351AEF00033C10D /* APIService.swift */; };
		B4F909CA2351AF790033C10D /* FailAlert.swift in Sources */ = {isa = PBXBuildFile; fileRef = B4F909C92351AF790033C10D /* FailAlert.swift */; };
/* End PBXBuildFile section */

/* Begin PBXFileReference section */
		B4F9099D2351A4F10033C10D /* SPR.app */ = {isa = PBXFileReference; explicitFileType = wrapper.application; includeInIndex = 0; path = SPR.app; sourceTree = BUILT_PRODUCTS_DIR; };
		B4F909A02351A4F10033C10D /* AppDelegate.swift */ = {isa = PBXFileReference; lastKnownFileType = sourcecode.swift; path = AppDelegate.swift; sourceTree = "<group>"; };
		B4F909A22351A4F10033C10D /* LoginViewController.swift */ = {isa = PBXFileReference; lastKnownFileType = sourcecode.swift; path = LoginViewController.swift; sourceTree = "<group>"; };
		B4F909A72351A4F30033C10D /* Assets.xcassets */ = {isa = PBXFileReference; lastKnownFileType = folder.assetcatalog; path = Assets.xcassets; sourceTree = "<group>"; };
		B4F909AA2351A4F30033C10D /* Base */ = {isa = PBXFileReference; lastKnownFileType = file.storyboard; name = Base; path = Base.lproj/LaunchScreen.storyboard; sourceTree = "<group>"; };
		B4F909AC2351A4F30033C10D /* Info.plist */ = {isa = PBXFileReference; lastKnownFileType = text.plist.xml; path = Info.plist; sourceTree = "<group>"; };
		B4F909B52351A6010033C10D /* LoginResponseModel.swift */ = {isa = PBXFileReference; lastKnownFileType = sourcecode.swift; path = LoginResponseModel.swift; sourceTree = "<group>"; };
		B4F909BA2351A63A0033C10D /* HomeViewController.swift */ = {isa = PBXFileReference; lastKnownFileType = sourcecode.swift; path = HomeViewController.swift; sourceTree = "<group>"; };
		B4F909BE2351A73C0033C10D /* Base */ = {isa = PBXFileReference; lastKnownFileType = file.storyboard; name = Base; path = Base.lproj/Main.storyboard; sourceTree = "<group>"; };
		B4F909C12351AEC00033C10D /* LoginRouter.swift */ = {isa = PBXFileReference; lastKnownFileType = sourcecode.swift; path = LoginRouter.swift; sourceTree = "<group>"; };
		B4F909C32351AEF00033C10D /* APIService.swift */ = {isa = PBXFileReference; lastKnownFileType = sourcecode.swift; path = APIService.swift; sourceTree = "<group>"; };
		B4F909C92351AF790033C10D /* FailAlert.swift */ = {isa = PBXFileReference; lastKnownFileType = sourcecode.swift; path = FailAlert.swift; sourceTree = "<group>"; };
/* End PBXFileReference section */

/* Begin PBXFrameworksBuildPhase section */
		B4F9099A2351A4F10033C10D /* Frameworks */ = {
			isa = PBXFrameworksBuildPhase;
			buildActionMask = 2147483647;
			files = (
			);
			runOnlyForDeploymentPostprocessing = 0;
		};
/* End PBXFrameworksBuildPhase section */

/* Begin PBXGroup section */
		B4F909942351A4F10033C10D = {
			isa = PBXGroup;
			children = (
				B4F9099F2351A4F10033C10D /* SPR */,
				B4F9099E2351A4F10033C10D /* Products */,
			);
			sourceTree = "<group>";
		};
		B4F9099E2351A4F10033C10D /* Products */ = {
			isa = PBXGroup;
			children = (
				B4F9099D2351A4F10033C10D /* SPR.app */,
			);
			name = Products;
			sourceTree = "<group>";
		};
		B4F9099F2351A4F10033C10D /* SPR */ = {
			isa = PBXGroup;
			children = (
				B4F909A02351A4F10033C10D /* AppDelegate.swift */,
				B4F909C82351AF4F0033C10D /* Utils */,
				B4F909C52351AEF60033C10D /* WebService */,
				B4F909C02351AEAB0033C10D /* Router */,
				B4F909B92351A6210033C10D /* ViewController */,
				B4F909B82351A6140033C10D /* View */,
				B4F909B72351A60D0033C10D /* Model */,
				B4F909A72351A4F30033C10D /* Assets.xcassets */,
				B4F909AC2351A4F30033C10D /* Info.plist */,
			);
			path = SPR;
			sourceTree = "<group>";
		};
		B4F909B72351A60D0033C10D /* Model */ = {
			isa = PBXGroup;
			children = (
				B4F909B52351A6010033C10D /* LoginResponseModel.swift */,
			);
			path = Model;
			sourceTree = "<group>";
		};
		B4F909B82351A6140033C10D /* View */ = {
			isa = PBXGroup;
			children = (
				B4F909BD2351A73C0033C10D /* Main.storyboard */,
				B4F909A92351A4F30033C10D /* LaunchScreen.storyboard */,
			);
			path = View;
			sourceTree = "<group>";
		};
		B4F909B92351A6210033C10D /* ViewController */ = {
			isa = PBXGroup;
			children = (
				B4F909A22351A4F10033C10D /* LoginViewController.swift */,
				B4F909BA2351A63A0033C10D /* HomeViewController.swift */,
			);
			path = ViewController;
			sourceTree = "<group>";
		};
		B4F909C02351AEAB0033C10D /* Router */ = {
			isa = PBXGroup;
			children = (
				B4F909C12351AEC00033C10D /* LoginRouter.swift */,
			);
			path = Router;
			sourceTree = "<group>";
		};
		B4F909C52351AEF60033C10D /* WebService */ = {
			isa = PBXGroup;
			children = (
				B4F909C32351AEF00033C10D /* APIService.swift */,
			);
			path = WebService;
			sourceTree = "<group>";
		};
		B4F909C82351AF4F0033C10D /* Utils */ = {
			isa = PBXGroup;
			children = (
				B4F909C92351AF790033C10D /* FailAlert.swift */,
			);
			path = Utils;
			sourceTree = "<group>";
		};
/* End PBXGroup section */

/* Begin PBXNativeTarget section */
		B4F9099C2351A4F10033C10D /* SPR */ = {
			isa = PBXNativeTarget;
			buildConfigurationList = B4F909AF2351A4F30033C10D /* Build configuration list for PBXNativeTarget "SPR" */;
			buildPhases = (
				B4F909992351A4F10033C10D /* Sources */,
				B4F9099A2351A4F10033C10D /* Frameworks */,
				B4F9099B2351A4F10033C10D /* Resources */,
			);
			buildRules = (
			);
			dependencies = (
			);
			name = SPR;
			productName = SPR;
			productReference = B4F9099D2351A4F10033C10D /* SPR.app */;
			productType = "com.apple.product-type.application";
		};
/* End PBXNativeTarget section */

/* Begin PBXProject section */
		B4F909952351A4F10033C10D /* Project object */ = {
			isa = PBXProject;
			attributes = {
				LastSwiftUpdateCheck = 1030;
				LastUpgradeCheck = 1030;
				ORGANIZATIONNAME = natalie;
				TargetAttributes = {
					B4F9099C2351A4F10033C10D = {
						CreatedOnToolsVersion = 10.3;
					};
				};
			};
			buildConfigurationList = B4F909982351A4F10033C10D /* Build configuration list for PBXProject "SPR" */;
			compatibilityVersion = "Xcode 9.3";
			developmentRegion = en;
			hasScannedForEncodings = 0;
			knownRegions = (
				en,
				Base,
			);
			mainGroup = B4F909942351A4F10033C10D;
			productRefGroup = B4F9099E2351A4F10033C10D /* Products */;
			projectDirPath = "";
			projectRoot = "";
			targets = (
				B4F9099C2351A4F10033C10D /* SPR */,
			);
		};
/* End PBXProject section */

/* Begin PBXResourcesBuildPhase section */
		B4F9099B2351A4F10033C10D /* Resources */ = {
			isa = PBXResourcesBuildPhase;
			buildActionMask = 2147483647;
			files = (
				B4F909AB2351A4F30033C10D /* LaunchScreen.storyboard in Resources */,
				B4F909A82351A4F30033C10D /* Assets.xcassets in Resources */,
				B4F909BF2351A73C0033C10D /* Main.storyboard in Resources */,
			);
			runOnlyForDeploymentPostprocessing = 0;
		};
/* End PBXResourcesBuildPhase section */

/* Begin PBXSourcesBuildPhase section */
		B4F909992351A4F10033C10D /* Sources */ = {
			isa = PBXSourcesBuildPhase;
			buildActionMask = 2147483647;
			files = (
				B4F909B62351A6010033C10D /* LoginResponseModel.swift in Sources */,
				B4F909A32351A4F10033C10D /* LoginViewController.swift in Sources */,
				B4F909A12351A4F10033C10D /* AppDelegate.swift in Sources */,
				B4F909C22351AEC00033C10D /* LoginRouter.swift in Sources */,
				B4F909C42351AEF00033C10D /* APIService.swift in Sources */,
				B4F909BB2351A63A0033C10D /* HomeViewController.swift in Sources */,
				B4F909CA2351AF790033C10D /* FailAlert.swift in Sources */,
			);
			runOnlyForDeploymentPostprocessing = 0;
		};
/* End PBXSourcesBuildPhase section */

/* Begin PBXVariantGroup section */
		B4F909A92351A4F30033C10D /* LaunchScreen.storyboard */ = {
			isa = PBXVariantGroup;
			children = (
				B4F909AA2351A4F30033C10D /* Base */,
			);
			name = LaunchScreen.storyboard;
			sourceTree = "<group>";
		};
		B4F909BD2351A73C0033C10D /* Main.storyboard */ = {
			isa = PBXVariantGroup;
			children = (
				B4F909BE2351A73C0033C10D /* Base */,
			);
			name = Main.storyboard;
			sourceTree = "<group>";
		};
/* End PBXVariantGroup section */

/* Begin XCBuildConfiguration section */
		B4F909AD2351A4F30033C10D /* Debug */ = {
			isa = XCBuildConfiguration;
			buildSettings = {
				ALWAYS_SEARCH_USER_PATHS = NO;
				CLANG_ANALYZER_NONNULL = YES;
				CLANG_ANALYZER_NUMBER_OBJECT_CONVERSION = YES_AGGRESSIVE;
				CLANG_CXX_LANGUAGE_STANDARD = "gnu++14";
				CLANG_CXX_LIBRARY = "libc++";
				CLANG_ENABLE_MODULES = YES;
				CLANG_ENABLE_OBJC_ARC = YES;
				CLANG_ENABLE_OBJC_WEAK = YES;
				CLANG_WARN_BLOCK_CAPTURE_AUTORELEASING = YES;
				CLANG_WARN_BOOL_CONVERSION = YES;
				CLANG_WARN_COMMA = YES;
				CLANG_WARN_CONSTANT_CONVERSION = YES;
				CLANG_WARN_DEPRECATED_OBJC_IMPLEMENTATIONS = YES;
				CLANG_WARN_DIRECT_OBJC_ISA_USAGE = YES_ERROR;
				CLANG_WARN_DOCUMENTATION_COMMENTS = YES;
				CLANG_WARN_EMPTY_BODY = YES;
				CLANG_WARN_ENUM_CONVERSION = YES;
				CLANG_WARN_INFINITE_RECURSION = YES;
				CLANG_WARN_INT_CONVERSION = YES;
				CLANG_WARN_NON_LITERAL_NULL_CONVERSION = YES;
				CLANG_WARN_OBJC_IMPLICIT_RETAIN_SELF = YES;
				CLANG_WARN_OBJC_LITERAL_CONVERSION = YES;
				CLANG_WARN_OBJC_ROOT_CLASS = YES_ERROR;
				CLANG_WARN_RANGE_LOOP_ANALYSIS = YES;
				CLANG_WARN_STRICT_PROTOTYPES = YES;
				CLANG_WARN_SUSPICIOUS_MOVE = YES;
				CLANG_WARN_UNGUARDED_AVAILABILITY = YES_AGGRESSIVE;
				CLANG_WARN_UNREACHABLE_CODE = YES;
				CLANG_WARN__DUPLICATE_METHOD_MATCH = YES;
				CODE_SIGN_IDENTITY = "iPhone Developer";
				COPY_PHASE_STRIP = NO;
				DEBUG_INFORMATION_FORMAT = dwarf;
				ENABLE_STRICT_OBJC_MSGSEND = YES;
				ENABLE_TESTABILITY = YES;
				GCC_C_LANGUAGE_STANDARD = gnu11;
				GCC_DYNAMIC_NO_PIC = NO;
				GCC_NO_COMMON_BLOCKS = YES;
				GCC_OPTIMIZATION_LEVEL = 0;
				GCC_PREPROCESSOR_DEFINITIONS = (
					"DEBUG=1",
					"$(inherited)",
				);
				GCC_WARN_64_TO_32_BIT_CONVERSION = YES;
				GCC_WARN_ABOUT_RETURN_TYPE = YES_ERROR;
				GCC_WARN_UNDECLARED_SELECTOR = YES;
				GCC_WARN_UNINITIALIZED_AUTOS = YES_AGGRESSIVE;
				GCC_WARN_UNUSED_FUNCTION = YES;
				GCC_WARN_UNUSED_VARIABLE = YES;
				IPHONEOS_DEPLOYMENT_TARGET = 12.4;
				MTL_ENABLE_DEBUG_INFO = INCLUDE_SOURCE;
				MTL_FAST_MATH = YES;
				ONLY_ACTIVE_ARCH = YES;
				SDKROOT = iphoneos;
				SWIFT_ACTIVE_COMPILATION_CONDITIONS = DEBUG;
				SWIFT_OPTIMIZATION_LEVEL = "-Onone";
			};
			name = Debug;
		};
		B4F909AE2351A4F30033C10D /* Release */ = {
			isa = XCBuildConfiguration;
			buildSettings = {
				ALWAYS_SEARCH_USER_PATHS = NO;
				CLANG_ANALYZER_NONNULL = YES;
				CLANG_ANALYZER_NUMBER_OBJECT_CONVERSION = YES_AGGRESSIVE;
				CLANG_CXX_LANGUAGE_STANDARD = "gnu++14";
				CLANG_CXX_LIBRARY = "libc++";
				CLANG_ENABLE_MODULES = YES;
				CLANG_ENABLE_OBJC_ARC = YES;
				CLANG_ENABLE_OBJC_WEAK = YES;
				CLANG_WARN_BLOCK_CAPTURE_AUTORELEASING = YES;
				CLANG_WARN_BOOL_CONVERSION = YES;
				CLANG_WARN_COMMA = YES;
				CLANG_WARN_CONSTANT_CONVERSION = YES;
				CLANG_WARN_DEPRECATED_OBJC_IMPLEMENTATIONS = YES;
				CLANG_WARN_DIRECT_OBJC_ISA_USAGE = YES_ERROR;
				CLANG_WARN_DOCUMENTATION_COMMENTS = YES;
				CLANG_WARN_EMPTY_BODY = YES;
				CLANG_WARN_ENUM_CONVERSION = YES;
				CLANG_WARN_INFINITE_RECURSION = YES;
				CLANG_WARN_INT_CONVERSION = YES;
				CLANG_WARN_NON_LITERAL_NULL_CONVERSION = YES;
				CLANG_WARN_OBJC_IMPLICIT_RETAIN_SELF = YES;
				CLANG_WARN_OBJC_LITERAL_CONVERSION = YES;
				CLANG_WARN_OBJC_ROOT_CLASS = YES_ERROR;
				CLANG_WARN_RANGE_LOOP_ANALYSIS = YES;
				CLANG_WARN_STRICT_PROTOTYPES = YES;
				CLANG_WARN_SUSPICIOUS_MOVE = YES;
				CLANG_WARN_UNGUARDED_AVAILABILITY = YES_AGGRESSIVE;
				CLANG_WARN_UNREACHABLE_CODE = YES;
				CLANG_WARN__DUPLICATE_METHOD_MATCH = YES;
				CODE_SIGN_IDENTITY = "iPhone Developer";
				COPY_PHASE_STRIP = NO;
				DEBUG_INFORMATION_FORMAT = "dwarf-with-dsym";
				ENABLE_NS_ASSERTIONS = NO;
				ENABLE_STRICT_OBJC_MSGSEND = YES;
				GCC_C_LANGUAGE_STANDARD = gnu11;
				GCC_NO_COMMON_BLOCKS = YES;
				GCC_WARN_64_TO_32_BIT_CONVERSION = YES;
				GCC_WARN_ABOUT_RETURN_TYPE = YES_ERROR;
				GCC_WARN_UNDECLARED_SELECTOR = YES;
				GCC_WARN_UNINITIALIZED_AUTOS = YES_AGGRESSIVE;
				GCC_WARN_UNUSED_FUNCTION = YES;
				GCC_WARN_UNUSED_VARIABLE = YES;
				IPHONEOS_DEPLOYMENT_TARGET = 12.4;
				MTL_ENABLE_DEBUG_INFO = NO;
				MTL_FAST_MATH = YES;
				SDKROOT = iphoneos;
				SWIFT_COMPILATION_MODE = wholemodule;
				SWIFT_OPTIMIZATION_LEVEL = "-O";
				VALIDATE_PRODUCT = YES;
			};
			name = Release;
		};
		B4F909B02351A4F30033C10D /* Debug */ = {
			isa = XCBuildConfiguration;
			buildSettings = {
				ASSETCATALOG_COMPILER_APPICON_NAME = AppIcon;
				CODE_SIGN_STYLE = Automatic;
				INFOPLIST_FILE = SPR/Info.plist;
				LD_RUNPATH_SEARCH_PATHS = (
					"$(inherited)",
					"@executable_path/Frameworks",
				);
				PRODUCT_BUNDLE_IDENTIFIER = com.lumanmann.SPR;
				PRODUCT_NAME = "$(TARGET_NAME)";
				SWIFT_VERSION = 5.0;
				TARGETED_DEVICE_FAMILY = "1,2";
			};
			name = Debug;
		};
		B4F909B12351A4F30033C10D /* Release */ = {
			isa = XCBuildConfiguration;
			buildSettings = {
				ASSETCATALOG_COMPILER_APPICON_NAME = AppIcon;
				CODE_SIGN_STYLE = Automatic;
				INFOPLIST_FILE = SPR/Info.plist;
				LD_RUNPATH_SEARCH_PATHS = (
					"$(inherited)",
					"@executable_path/Frameworks",
				);
				PRODUCT_BUNDLE_IDENTIFIER = com.lumanmann.SPR;
				PRODUCT_NAME = "$(TARGET_NAME)";
				SWIFT_VERSION = 5.0;
				TARGETED_DEVICE_FAMILY = "1,2";
			};
			name = Release;
		};
/* End XCBuildConfiguration section */

/* Begin XCConfigurationList section */
		B4F909982351A4F10033C10D /* Build configuration list for PBXProject "SPR" */ = {
			isa = XCConfigurationList;
			buildConfigurations = (
				B4F909AD2351A4F30033C10D /* Debug */,
				B4F909AE2351A4F30033C10D /* Release */,
			);
			defaultConfigurationIsVisible = 0;
			defaultConfigurationName = Release;
		};
		B4F909AF2351A4F30033C10D /* Build configuration list for PBXNativeTarget "SPR" */ = {
			isa = XCConfigurationList;
			buildConfigurations = (
				B4F909B02351A4F30033C10D /* Debug */,
				B4F909B12351A4F30033C10D /* Release */,
			);
			defaultConfigurationIsVisible = 0;
			defaultConfigurationName = Release;
		};
/* End XCConfigurationList section */
	};
	rootObject = B4F909952351A4F10033C10D /* Project object */;
}
